// !$*UTF8*$!
{
	archiveVersion = 1;
	classes = {
	};
	objectVersion = 46;
	objects = {

/* Begin PBXBuildFile section */
		ED3160D9182A2D9F0077B011 /* libmongoose.dylib in Frameworks */ = {isa = PBXBuildFile; fileRef = ED3160D6182A2D4E0077B011 /* libmongoose.dylib */; };
		ED369985178C1B4200376405 /* main.c in Sources */ = {isa = PBXBuildFile; fileRef = ED369984178C1B4200376405 /* main.c */; };
		ED369987178C1B4200376405 /* mg44.1 in CopyFiles */ = {isa = PBXBuildFile; fileRef = ED369986178C1B4200376405 /* mg44.1 */; };
/* End PBXBuildFile section */

/* Begin PBXContainerItemProxy section */
		ED3160D5182A2D4E0077B011 /* PBXContainerItemProxy */ = {
			isa = PBXContainerItemProxy;
			containerPortal = ED3160D1182A2D4E0077B011 /* mongoose.xcodeproj */;
			proxyType = 2;
			remoteGlobalIDString = ED36996C178C1A8200376405;
			remoteInfo = mongoose;
		};
		ED3160D7182A2D920077B011 /* PBXContainerItemProxy */ = {
			isa = PBXContainerItemProxy;
			containerPortal = ED3160D1182A2D4E0077B011 /* mongoose.xcodeproj */;
			proxyType = 1;
			remoteGlobalIDString = ED36996B178C1A8200376405;
			remoteInfo = mongoose;
		};
/* End PBXContainerItemProxy section */

/* Begin PBXCopyFilesBuildPhase section */
		ED36997F178C1B4200376405 /* CopyFiles */ = {
			isa = PBXCopyFilesBuildPhase;
			buildActionMask = 2147483647;
			dstPath = /usr/share/man/man1/;
			dstSubfolderSpec = 0;
			files = (
				ED369987178C1B4200376405 /* mg44.1 in CopyFiles */,
			);
			runOnlyForDeploymentPostprocessing = 1;
		};
/* End PBXCopyFilesBuildPhase section */

/* Begin PBXFileReference section */
		ED3160D1182A2D4E0077B011 /* mongoose.xcodeproj */ = {isa = PBXFileReference; lastKnownFileType = "wrapper.pb-project"; name = mongoose.xcodeproj; path = ../libmongoose/mongoose.xcodeproj; sourceTree = "<group>"; };
		ED369981178C1B4200376405 /* mg44 */ = {isa = PBXFileReference; explicitFileType = "compiled.mach-o.executable"; includeInIndex = 0; path = mg44; sourceTree = BUILT_PRODUCTS_DIR; };
		ED369984178C1B4200376405 /* main.c */ = {isa = PBXFileReference; lastKnownFileType = sourcecode.c.c; lineEnding = 0; path = main.c; sourceTree = "<group>"; };
		ED369986178C1B4200376405 /* mg44.1 */ = {isa = PBXFileReference; lastKnownFileType = text.man; path = mg44.1; sourceTree = "<group>"; };
		ED369994178C1D0B00376405 /* libmongoose.dylib */ = {isa = PBXFileReference; lastKnownFileType = "compiled.mach-o.dylib"; name = libmongoose.dylib; path = "../../../../../../Library/Developer/Xcode/DerivedData/mg44-broynpmjlhimixcrexchdfabdrkl/Build/Products/Debug/libmongoose.dylib"; sourceTree = "<group>"; };
/* End PBXFileReference section */

/* Begin PBXFrameworksBuildPhase section */
		ED36997E178C1B4200376405 /* Frameworks */ = {
			isa = PBXFrameworksBuildPhase;
			buildActionMask = 2147483647;
			files = (
				ED3160D9182A2D9F0077B011 /* libmongoose.dylib in Frameworks */,
			);
			runOnlyForDeploymentPostprocessing = 0;
		};
/* End PBXFrameworksBuildPhase section */

/* Begin PBXGroup section */
		ED3160D2182A2D4E0077B011 /* Products */ = {
			isa = PBXGroup;
			children = (
				ED3160D6182A2D4E0077B011 /* libmongoose.dylib */,
			);
			name = Products;
			sourceTree = "<group>";
		};
		ED369978178C1B4200376405 = {
			isa = PBXGroup;
			children = (
				ED3160D1182A2D4E0077B011 /* mongoose.xcodeproj */,
				ED369983178C1B4200376405 /* source */,
				ED369993178C1CFC00376405 /* libs */,
				ED369982178C1B4200376405 /* Products */,
			);
			sourceTree = "<group>";
		};
		ED369982178C1B4200376405 /* Products */ = {
			isa = PBXGroup;
			children = (
				ED369981178C1B4200376405 /* mg44 */,
			);
			name = Products;
			sourceTree = "<group>";
		};
		ED369983178C1B4200376405 /* source */ = {
			isa = PBXGroup;
			children = (
				ED369984178C1B4200376405 /* main.c */,
				ED369986178C1B4200376405 /* mg44.1 */,
			);
			name = source;
			sourceTree = "<group>";
		};
		ED369993178C1CFC00376405 /* libs */ = {
			isa = PBXGroup;
			children = (
				ED369994178C1D0B00376405 /* libmongoose.dylib */,
			);
			name = libs;
			sourceTree = "<group>";
		};
/* End PBXGroup section */

/* Begin PBXNativeTarget section */
		ED369980178C1B4200376405 /* mg44 */ = {
			isa = PBXNativeTarget;
			buildConfigurationList = ED36998A178C1B4200376405 /* Build configuration list for PBXNativeTarget "mg44" */;
			buildPhases = (
				ED36997D178C1B4200376405 /* Sources */,
				ED36997E178C1B4200376405 /* Frameworks */,
				ED36997F178C1B4200376405 /* CopyFiles */,
			);
			buildRules = (
			);
			dependencies = (
				ED3160D8182A2D920077B011 /* PBXTargetDependency */,
			);
			name = mg44;
			productName = mg44;
			productReference = ED369981178C1B4200376405 /* mg44 */;
			productType = "com.apple.product-type.tool";
		};
/* End PBXNativeTarget section */

/* Begin PBXProject section */
		ED369979178C1B4200376405 /* Project object */ = {
			isa = PBXProject;
			attributes = {
				LastUpgradeCheck = 0500;
				ORGANIZATIONNAME = plan44.ch;
			};
			buildConfigurationList = ED36997C178C1B4200376405 /* Build configuration list for PBXProject "mg44" */;
			compatibilityVersion = "Xcode 3.2";
			developmentRegion = English;
			hasScannedForEncodings = 0;
			knownRegions = (
				en,
			);
			mainGroup = ED369978178C1B4200376405;
			productRefGroup = ED369982178C1B4200376405 /* Products */;
			projectDirPath = "";
			projectReferences = (
				{
					ProductGroup = ED3160D2182A2D4E0077B011 /* Products */;
					ProjectRef = ED3160D1182A2D4E0077B011 /* mongoose.xcodeproj */;
				},
			);
			projectRoot = "";
			targets = (
				ED369980178C1B4200376405 /* mg44 */,
			);
		};
/* End PBXProject section */

/* Begin PBXReferenceProxy section */
		ED3160D6182A2D4E0077B011 /* libmongoose.dylib */ = {
			isa = PBXReferenceProxy;
			fileType = "compiled.mach-o.dylib";
			path = libmongoose.dylib;
			remoteRef = ED3160D5182A2D4E0077B011 /* PBXContainerItemProxy */;
			sourceTree = BUILT_PRODUCTS_DIR;
		};
/* End PBXReferenceProxy section */

/* Begin PBXSourcesBuildPhase section */
		ED36997D178C1B4200376405 /* Sources */ = {
			isa = PBXSourcesBuildPhase;
			buildActionMask = 2147483647;
			files = (
				ED369985178C1B4200376405 /* main.c in Sources */,
			);
			runOnlyForDeploymentPostprocessing = 0;
		};
/* End PBXSourcesBuildPhase section */

/* Begin PBXTargetDependency section */
		ED3160D8182A2D920077B011 /* PBXTargetDependency */ = {
			isa = PBXTargetDependency;
			name = mongoose;
			targetProxy = ED3160D7182A2D920077B011 /* PBXContainerItemProxy */;
		};
/* End PBXTargetDependency section */

/* Begin XCBuildConfiguration section */
		ED369988178C1B4200376405 /* Debug */ = {
			isa = XCBuildConfiguration;
			buildSettings = {
				ALWAYS_SEARCH_USER_PATHS = NO;
				CLANG_CXX_LANGUAGE_STANDARD = "gnu++0x";
				CLANG_CXX_LIBRARY = "libc++";
				CLANG_ENABLE_MODULES = YES;
				CLANG_ENABLE_OBJC_ARC = YES;
				CLANG_WARN_BOOL_CONVERSION = YES;
				CLANG_WARN_CONSTANT_CONVERSION = YES;
				CLANG_WARN_DIRECT_OBJC_ISA_USAGE = YES_ERROR;
				CLANG_WARN_EMPTY_BODY = YES;
				CLANG_WARN_ENUM_CONVERSION = YES;
				CLANG_WARN_INT_CONVERSION = YES;
				CLANG_WARN_OBJC_ROOT_CLASS = YES_ERROR;
				CLANG_WARN__DUPLICATE_METHOD_MATCH = YES;
				COPY_PHASE_STRIP = NO;
				GCC_C_LANGUAGE_STANDARD = gnu99;
				GCC_DYNAMIC_NO_PIC = NO;
				GCC_ENABLE_OBJC_EXCEPTIONS = YES;
				GCC_OPTIMIZATION_LEVEL = 0;
				GCC_PREPROCESSOR_DEFINITIONS = (
					"DEBUG=1",
					"$(inherited)",
				);
				GCC_SYMBOLS_PRIVATE_EXTERN = NO;
				GCC_WARN_64_TO_32_BIT_CONVERSION = YES;
				GCC_WARN_ABOUT_RETURN_TYPE = YES_ERROR;
				GCC_WARN_UNDECLARED_SELECTOR = YES;
				GCC_WARN_UNINITIALIZED_AUTOS = YES;
				GCC_WARN_UNUSED_FUNCTION = YES;
				GCC_WARN_UNUSED_VARIABLE = YES;
				MACOSX_DEPLOYMENT_TARGET = 10.8;
				ONLY_ACTIVE_ARCH = YES;
				SDKROOT = macosx;
			};
			name = Debug;
		};
		ED369989178C1B4200376405 /* Release */ = {
			isa = XCBuildConfiguration;
			buildSettings = {
				ALWAYS_SEARCH_USER_PATHS = NO;
				CLANG_CXX_LANGUAGE_STANDARD = "gnu++0x";
				CLANG_CXX_LIBRARY = "libc++";
				CLANG_ENABLE_MODULES = YES;
				CLANG_ENABLE_OBJC_ARC = YES;
				CLANG_WARN_BOOL_CONVERSION = YES;
				CLANG_WARN_CONSTANT_CONVERSION = YES;
				CLANG_WARN_DIRECT_OBJC_ISA_USAGE = YES_ERROR;
				CLANG_WARN_EMPTY_BODY = YES;
				CLANG_WARN_ENUM_CONVERSION = YES;
				CLANG_WARN_INT_CONVERSION = YES;
				CLANG_WARN_OBJC_ROOT_CLASS = YES_ERROR;
				CLANG_WARN__DUPLICATE_METHOD_MATCH = YES;
				COPY_PHASE_STRIP = YES;
				DEBUG_INFORMATION_FORMAT = "dwarf-with-dsym";
				ENABLE_NS_ASSERTIONS = NO;
				GCC_C_LANGUAGE_STANDARD = gnu99;
				GCC_ENABLE_OBJC_EXCEPTIONS = YES;
				GCC_WARN_64_TO_32_BIT_CONVERSION = YES;
				GCC_WARN_ABOUT_RETURN_TYPE = YES_ERROR;
				GCC_WARN_UNDECLARED_SELECTOR = YES;
				GCC_WARN_UNINITIALIZED_AUTOS = YES;
				GCC_WARN_UNUSED_FUNCTION = YES;
				GCC_WARN_UNUSED_VARIABLE = YES;
				MACOSX_DEPLOYMENT_TARGET = 10.8;
				SDKROOT = macosx;
			};
			name = Release;
		};
		ED36998B178C1B4200376405 /* Debug */ = {
			isa = XCBuildConfiguration;
			buildSettings = {
				HEADER_SEARCH_PATHS = "$(SRCROOT)/../libmongoose";
				LIBRARY_SEARCH_PATHS = (
					"$(inherited)",
					"$(SRCROOT)/../../../../../../Library/Developer/Xcode/DerivedData/mg44-broynpmjlhimixcrexchdfabdrkl/Build/Products/Debug",
				);
				PRODUCT_NAME = "$(TARGET_NAME)";
			};
			name = Debug;
		};
		ED36998C178C1B4200376405 /* Release */ = {
			isa = XCBuildConfiguration;
			buildSettings = {
				HEADER_SEARCH_PATHS = "$(SRCROOT)/../libmongoose";
				LIBRARY_SEARCH_PATHS = (
					"$(inherited)",
					"$(SRCROOT)/../../../../../../Library/Developer/Xcode/DerivedData/mg44-broynpmjlhimixcrexchdfabdrkl/Build/Products/Debug",
				);
				PRODUCT_NAME = "$(TARGET_NAME)";
			};
			name = Release;
		};
/* End XCBuildConfiguration section */

/* Begin XCConfigurationList section */
		ED36997C178C1B4200376405 /* Build configuration list for PBXProject "mg44" */ = {
			isa = XCConfigurationList;
			buildConfigurations = (
				ED369988178C1B4200376405 /* Debug */,
				ED369989178C1B4200376405 /* Release */,
			);
			defaultConfigurationIsVisible = 0;
			defaultConfigurationName = Release;
		};
		ED36998A178C1B4200376405 /* Build configuration list for PBXNativeTarget "mg44" */ = {
			isa = XCConfigurationList;
			buildConfigurations = (
				ED36998B178C1B4200376405 /* Debug */,
				ED36998C178C1B4200376405 /* Release */,
			);
			defaultConfigurationIsVisible = 0;
			defaultConfigurationName = Release;
		};
/* End XCConfigurationList section */
	};
	rootObject = ED369979178C1B4200376405 /* Project object */;
}
