// !$*UTF8*$!
{
	archiveVersion = 1;
	classes = {
	};
	objectVersion = 46;
	objects = {

/* Begin PBXBuildFile section */
		ED369985178C1B4200376405 /* main.c in Sources */ = {isa = PBXBuildFile; fileRef = ED369984178C1B4200376405 /* main.c */; };
		ED4506192B7D12900056D6C9 /* libcrypto.3.dylib in Frameworks */ = {isa = PBXBuildFile; fileRef = ED4506172B7D12900056D6C9 /* libcrypto.3.dylib */; };
		ED45061A2B7D12900056D6C9 /* libssl.3.dylib in Frameworks */ = {isa = PBXBuildFile; fileRef = ED4506182B7D12900056D6C9 /* libssl.3.dylib */; };
		ED8A99BA2020FCE40069EBF6 /* civetweb.c in Sources */ = {isa = PBXBuildFile; fileRef = ED8A99B62020FCE40069EBF6 /* civetweb.c */; };
/* End PBXBuildFile section */

/* Begin PBXCopyFilesBuildPhase section */
		ED36997F178C1B4200376405 /* CopyFiles */ = {
			isa = PBXCopyFilesBuildPhase;
			buildActionMask = 2147483647;
			dstPath = /usr/share/man/man1/;
			dstSubfolderSpec = 0;
			files = (
			);
			runOnlyForDeploymentPostprocessing = 1;
		};
		ED9FF4FE24A7C975005E3025 /* Embed Libraries */ = {
			isa = PBXCopyFilesBuildPhase;
			buildActionMask = 2147483647;
			dstPath = "";
			dstSubfolderSpec = 10;
			files = (
			);
			name = "Embed Libraries";
			runOnlyForDeploymentPostprocessing = 0;
		};
/* End PBXCopyFilesBuildPhase section */

/* Begin PBXFileReference section */
		ED369981178C1B4200376405 /* mg44 */ = {isa = PBXFileReference; explicitFileType = "compiled.mach-o.executable"; includeInIndex = 0; path = mg44; sourceTree = BUILT_PRODUCTS_DIR; };
		ED369984178C1B4200376405 /* main.c */ = {isa = PBXFileReference; lastKnownFileType = sourcecode.c.c; lineEnding = 0; path = main.c; sourceTree = "<group>"; };
		ED4506172B7D12900056D6C9 /* libcrypto.3.dylib */ = {isa = PBXFileReference; lastKnownFileType = "compiled.mach-o.dylib"; name = libcrypto.3.dylib; path = "../../../../../../opt/homebrew/Cellar/openssl@3/3.1.3/lib/libcrypto.3.dylib"; sourceTree = "<group>"; };
		ED4506182B7D12900056D6C9 /* libssl.3.dylib */ = {isa = PBXFileReference; lastKnownFileType = "compiled.mach-o.dylib"; name = libssl.3.dylib; path = "../../../../../../opt/homebrew/Cellar/openssl@3/3.1.3/lib/libssl.3.dylib"; sourceTree = "<group>"; };
		ED8A99AF2020FBEB0069EBF6 /* configure.ac */ = {isa = PBXFileReference; lastKnownFileType = text; path = configure.ac; sourceTree = "<group>"; };
		ED8A99B02020FBEB0069EBF6 /* Makefile.am */ = {isa = PBXFileReference; lastKnownFileType = text; path = Makefile.am; sourceTree = "<group>"; };
		ED8A99B32020FCE40069EBF6 /* civetweb.h */ = {isa = PBXFileReference; fileEncoding = 4; lastKnownFileType = sourcecode.c.h; path = civetweb.h; sourceTree = "<group>"; };
		ED8A99B62020FCE40069EBF6 /* civetweb.c */ = {isa = PBXFileReference; fileEncoding = 4; lastKnownFileType = sourcecode.c.c; path = civetweb.c; sourceTree = "<group>"; };
		ED8A99B72020FCE40069EBF6 /* md5.inl */ = {isa = PBXFileReference; fileEncoding = 4; lastKnownFileType = text; path = md5.inl; sourceTree = "<group>"; };
		ED8A99B82020FCE40069EBF6 /* sha1.inl */ = {isa = PBXFileReference; fileEncoding = 4; lastKnownFileType = text; path = sha1.inl; sourceTree = "<group>"; };
		ED8A99B92020FCE40069EBF6 /* handle_form.inl */ = {isa = PBXFileReference; fileEncoding = 4; lastKnownFileType = text; path = handle_form.inl; sourceTree = "<group>"; };
/* End PBXFileReference section */

/* Begin PBXFrameworksBuildPhase section */
		ED36997E178C1B4200376405 /* Frameworks */ = {
			isa = PBXFrameworksBuildPhase;
			buildActionMask = 2147483647;
			files = (
				ED4506192B7D12900056D6C9 /* libcrypto.3.dylib in Frameworks */,
				ED45061A2B7D12900056D6C9 /* libssl.3.dylib in Frameworks */,
			);
			runOnlyForDeploymentPostprocessing = 0;
		};
/* End PBXFrameworksBuildPhase section */

/* Begin PBXGroup section */
		ED369978178C1B4200376405 = {
			isa = PBXGroup;
			children = (
				ED8A99AF2020FBEB0069EBF6 /* configure.ac */,
				ED8A99B02020FBEB0069EBF6 /* Makefile.am */,
				ED369983178C1B4200376405 /* source */,
				ED369982178C1B4200376405 /* Products */,
				ED8A99BB2021004A0069EBF6 /* Frameworks */,
			);
			sourceTree = "<group>";
		};
		ED369982178C1B4200376405 /* Products */ = {
			isa = PBXGroup;
			children = (
				ED369981178C1B4200376405 /* mg44 */,
			);
			name = Products;
			sourceTree = "<group>";
		};
		ED369983178C1B4200376405 /* source */ = {
			isa = PBXGroup;
			children = (
				ED8A99B12020FCE40069EBF6 /* civetweb */,
				ED369984178C1B4200376405 /* main.c */,
			);
			name = source;
			sourceTree = "<group>";
		};
		ED8A99B12020FCE40069EBF6 /* civetweb */ = {
			isa = PBXGroup;
			children = (
				ED8A99B62020FCE40069EBF6 /* civetweb.c */,
				ED8A99B32020FCE40069EBF6 /* civetweb.h */,
				ED8A99B72020FCE40069EBF6 /* md5.inl */,
				ED8A99B82020FCE40069EBF6 /* sha1.inl */,
				ED8A99B92020FCE40069EBF6 /* handle_form.inl */,
			);
			path = civetweb;
			sourceTree = "<group>";
		};
		ED8A99BB2021004A0069EBF6 /* Frameworks */ = {
			isa = PBXGroup;
			children = (
				ED4506172B7D12900056D6C9 /* libcrypto.3.dylib */,
				ED4506182B7D12900056D6C9 /* libssl.3.dylib */,
			);
			name = Frameworks;
			sourceTree = "<group>";
		};
/* End PBXGroup section */

/* Begin PBXNativeTarget section */
		ED369980178C1B4200376405 /* mg44 */ = {
			isa = PBXNativeTarget;
			buildConfigurationList = ED36998A178C1B4200376405 /* Build configuration list for PBXNativeTarget "mg44" */;
			buildPhases = (
				ED79BD6A27A6E5AA00229FCF /* ShellScript */,
				ED36997D178C1B4200376405 /* Sources */,
				ED36997E178C1B4200376405 /* Frameworks */,
				ED36997F178C1B4200376405 /* CopyFiles */,
				ED9FF4FE24A7C975005E3025 /* Embed Libraries */,
			);
			buildRules = (
			);
			dependencies = (
			);
			name = mg44;
			productName = mg44;
			productReference = ED369981178C1B4200376405 /* mg44 */;
			productType = "com.apple.product-type.tool";
		};
/* End PBXNativeTarget section */

/* Begin PBXProject section */
		ED369979178C1B4200376405 /* Project object */ = {
			isa = PBXProject;
			attributes = {
				LastUpgradeCheck = 1250;
				ORGANIZATIONNAME = plan44.ch;
			};
			buildConfigurationList = ED36997C178C1B4200376405 /* Build configuration list for PBXProject "mg44" */;
			compatibilityVersion = "Xcode 3.2";
			developmentRegion = English;
			hasScannedForEncodings = 0;
			knownRegions = (
				English,
				en,
			);
			mainGroup = ED369978178C1B4200376405;
			productRefGroup = ED369982178C1B4200376405 /* Products */;
			projectDirPath = "";
			projectRoot = "";
			targets = (
				ED369980178C1B4200376405 /* mg44 */,
			);
		};
/* End PBXProject section */

/* Begin PBXShellScriptBuildPhase section */
		ED79BD6A27A6E5AA00229FCF /* ShellScript */ = {
			isa = PBXShellScriptBuildPhase;
			buildActionMask = 2147483647;
			files = (
			);
			inputFileListPaths = (
			);
			inputPaths = (
				"$(SRCROOT)/configure.ac",
			);
			outputFileListPaths = (
			);
			outputPaths = (
				"$(DERIVED_SOURCES_DIR)/prefix_for_xcode.h",
			);
			runOnlyForDeploymentPostprocessing = 0;
			shellPath = /bin/sh;
			shellScript = "sed -En -e \"s/AC_INIT\\(\\[${EXECUTABLE_NAME}\\], \\[([0-9.]+)\\].*/#define PACKAGE_VERSION \\\"\\1\\\"/p\" ${SRCROOT}/configure.ac >${DERIVED_SOURCES_DIR}/prefix_for_xcode.h\n";
		};
/* End PBXShellScriptBuildPhase section */

/* Begin PBXSourcesBuildPhase section */
		ED36997D178C1B4200376405 /* Sources */ = {
			isa = PBXSourcesBuildPhase;
			buildActionMask = 2147483647;
			files = (
				ED8A99BA2020FCE40069EBF6 /* civetweb.c in Sources */,
				ED369985178C1B4200376405 /* main.c in Sources */,
			);
			runOnlyForDeploymentPostprocessing = 0;
		};
/* End PBXSourcesBuildPhase section */

/* Begin XCBuildConfiguration section */
		ED369988178C1B4200376405 /* Debug */ = {
			isa = XCBuildConfiguration;
			buildSettings = {
				ALWAYS_SEARCH_USER_PATHS = NO;
				CLANG_CXX_LANGUAGE_STANDARD = "gnu++0x";
				CLANG_CXX_LIBRARY = "libc++";
				CLANG_ENABLE_MODULES = YES;
				CLANG_ENABLE_OBJC_ARC = YES;
				CLANG_WARN_BOOL_CONVERSION = YES;
				CLANG_WARN_CONSTANT_CONVERSION = YES;
				CLANG_WARN_DIRECT_OBJC_ISA_USAGE = YES_ERROR;
				CLANG_WARN_EMPTY_BODY = YES;
				CLANG_WARN_ENUM_CONVERSION = YES;
				CLANG_WARN_INT_CONVERSION = YES;
				CLANG_WARN_OBJC_ROOT_CLASS = YES_ERROR;
				CLANG_WARN_UNREACHABLE_CODE = YES;
				CLANG_WARN__DUPLICATE_METHOD_MATCH = YES;
				COPY_PHASE_STRIP = NO;
				ENABLE_STRICT_OBJC_MSGSEND = YES;
				GCC_C_LANGUAGE_STANDARD = gnu99;
				GCC_DYNAMIC_NO_PIC = NO;
				GCC_ENABLE_OBJC_EXCEPTIONS = YES;
				GCC_NO_COMMON_BLOCKS = YES;
				GCC_OPTIMIZATION_LEVEL = 0;
				GCC_PREPROCESSOR_DEFINITIONS = (
					"DEBUG=1",
					"$(inherited)",
				);
				GCC_SYMBOLS_PRIVATE_EXTERN = NO;
				GCC_WARN_64_TO_32_BIT_CONVERSION = YES;
				GCC_WARN_ABOUT_RETURN_TYPE = YES_ERROR;
				GCC_WARN_UNDECLARED_SELECTOR = YES;
				GCC_WARN_UNINITIALIZED_AUTOS = YES;
				GCC_WARN_UNUSED_FUNCTION = YES;
				GCC_WARN_UNUSED_VARIABLE = YES;
				HEADER_SEARCH_PATHS = (
					/opt/homebrew/include,
					/usr/local/include,
					"$(PROJECT_DIR)/src",
					"/opt/homebrew/opt/openssl@1.1/include",
					"/usr/local/opt/openssl@1.1/include",
				);
				LIBRARY_SEARCH_PATHS = (
					/opt/homebrew/lib,
					/opt/homebrew/rrdtool/lib,
					"/opt/homebrew/openssl@1.1/lib",
					/opt/homebrew/opt/libev/lib,
					/usr/local/lib,
					/usr/local/opt/rrdtool/lib,
					"/usr/local/opt/openssl@1.1/lib",
					/usr/local/opt/libev/lib,
					"/opt/homebrew/Cellar/openssl@1.1/1.1.1u/lib",
					/opt/homebrew/Cellar/libev/4.33/lib,
					"/opt/homebrew/Cellar/openssl@3/3.1.1_1/lib",
					/opt/homebrew/Cellar/rrdtool/1.8.0/lib,
				);
				MACOSX_DEPLOYMENT_TARGET = 10.9;
				ONLY_ACTIVE_ARCH = YES;
				SDKROOT = macosx;
			};
			name = Debug;
		};
		ED369989178C1B4200376405 /* Release */ = {
			isa = XCBuildConfiguration;
			buildSettings = {
				ALWAYS_SEARCH_USER_PATHS = NO;
				CLANG_CXX_LANGUAGE_STANDARD = "gnu++0x";
				CLANG_CXX_LIBRARY = "libc++";
				CLANG_ENABLE_MODULES = YES;
				CLANG_ENABLE_OBJC_ARC = YES;
				CLANG_WARN_BOOL_CONVERSION = YES;
				CLANG_WARN_CONSTANT_CONVERSION = YES;
				CLANG_WARN_DIRECT_OBJC_ISA_USAGE = YES_ERROR;
				CLANG_WARN_EMPTY_BODY = YES;
				CLANG_WARN_ENUM_CONVERSION = YES;
				CLANG_WARN_INT_CONVERSION = YES;
				CLANG_WARN_OBJC_ROOT_CLASS = YES_ERROR;
				CLANG_WARN_UNREACHABLE_CODE = YES;
				CLANG_WARN__DUPLICATE_METHOD_MATCH = YES;
				COPY_PHASE_STRIP = YES;
				DEBUG_INFORMATION_FORMAT = "dwarf-with-dsym";
				ENABLE_NS_ASSERTIONS = NO;
				ENABLE_STRICT_OBJC_MSGSEND = YES;
				GCC_C_LANGUAGE_STANDARD = gnu99;
				GCC_ENABLE_OBJC_EXCEPTIONS = YES;
				GCC_NO_COMMON_BLOCKS = YES;
				GCC_WARN_64_TO_32_BIT_CONVERSION = YES;
				GCC_WARN_ABOUT_RETURN_TYPE = YES_ERROR;
				GCC_WARN_UNDECLARED_SELECTOR = YES;
				GCC_WARN_UNINITIALIZED_AUTOS = YES;
				GCC_WARN_UNUSED_FUNCTION = YES;
				GCC_WARN_UNUSED_VARIABLE = YES;
				HEADER_SEARCH_PATHS = (
					/opt/homebrew/include,
					/usr/local/include,
					"$(PROJECT_DIR)/src",
					"/opt/homebrew/opt/openssl@1.1/include",
					"/usr/local/opt/openssl@1.1/include",
				);
				LIBRARY_SEARCH_PATHS = (
					/opt/homebrew/lib,
					/opt/homebrew/rrdtool/lib,
					"/opt/homebrew/openssl@1.1/lib",
					/opt/homebrew/opt/libev/lib,
					/usr/local/lib,
					/usr/local/opt/rrdtool/lib,
					"/usr/local/opt/openssl@1.1/lib",
					/usr/local/opt/libev/lib,
					"/opt/homebrew/Cellar/openssl@1.1/1.1.1u/lib",
					/opt/homebrew/Cellar/libev/4.33/lib,
					"/opt/homebrew/Cellar/openssl@3/3.1.1_1/lib",
					/opt/homebrew/Cellar/rrdtool/1.8.0/lib,
				);
				MACOSX_DEPLOYMENT_TARGET = 10.9;
				SDKROOT = macosx;
			};
			name = Release;
		};
		ED36998B178C1B4200376405 /* Debug */ = {
			isa = XCBuildConfiguration;
			buildSettings = {
				CODE_SIGN_IDENTITY = "-";
				GCC_PREFIX_HEADER = "$(DERIVED_SOURCES_DIR)/prefix_for_xcode.h";
				GCC_PREPROCESSOR_DEFINITIONS = (
					"$(inherited)",
					"NO_CGI=1",
					"NO_SSL_DL=1",
					"MG_LEGACY_INTERFACE=1",
				);
				LIBRARY_SEARCH_PATHS = "/opt/homebrew/Cellar/openssl@3/3.1.3/lib";
				PRODUCT_NAME = "$(TARGET_NAME)";
			};
			name = Debug;
		};
		ED36998C178C1B4200376405 /* Release */ = {
			isa = XCBuildConfiguration;
			buildSettings = {
				CODE_SIGN_IDENTITY = "-";
				GCC_PREFIX_HEADER = "$(DERIVED_SOURCES_DIR)/prefix_for_xcode.h";
				GCC_PREPROCESSOR_DEFINITIONS = (
					"$(inherited)",
					"NO_CGI=1",
					"NO_SSL_DL=1",
					"MG_LEGACY_INTERFACE=1",
				);
				LIBRARY_SEARCH_PATHS = "/opt/homebrew/Cellar/openssl@3/3.1.3/lib";
				PRODUCT_NAME = "$(TARGET_NAME)";
			};
			name = Release;
		};
/* End XCBuildConfiguration section */

/* Begin XCConfigurationList section */
		ED36997C178C1B4200376405 /* Build configuration list for PBXProject "mg44" */ = {
			isa = XCConfigurationList;
			buildConfigurations = (
				ED369988178C1B4200376405 /* Debug */,
				ED369989178C1B4200376405 /* Release */,
			);
			defaultConfigurationIsVisible = 0;
			defaultConfigurationName = Release;
		};
		ED36998A178C1B4200376405 /* Build configuration list for PBXNativeTarget "mg44" */ = {
			isa = XCConfigurationList;
			buildConfigurations = (
				ED36998B178C1B4200376405 /* Debug */,
				ED36998C178C1B4200376405 /* Release */,
			);
			defaultConfigurationIsVisible = 0;
			defaultConfigurationName = Release;
		};
/* End XCConfigurationList section */
	};
	rootObject = ED369979178C1B4200376405 /* Project object */;
}
